
Microsoft Visual Studio Solution File, Format Version 12.00
# Visual Studio 2013
VisualStudioVersion = 12.0.31101.0
MinimumVisualStudioVersion = 10.0.40219.1
Project("{FAE04EC0-301F-11D3-BF4B-00C04F79EFBC}") = "GrimshawRibbon", "GrimshawRibbon\GrimshawRibbon.csproj", "{FFF84ADC-4E53-4DA3-93F4-12E6B3A7F1FB}"
EndProject
Global
	GlobalSection(SolutionConfigurationPlatforms) = preSolution
		Debug|Any CPU = Debug|Any CPU
		Release|Any CPU = Release|Any CPU
	EndGlobalSection
	GlobalSection(ProjectConfigurationPlatforms) = postSolution
		{FFF84ADC-4E53-4DA3-93F4-12E6B3A7F1FB}.Debug|Any CPU.ActiveCfg = Debug|Any CPU
		{FFF84ADC-4E53-4DA3-93F4-12E6B3A7F1FB}.Debug|Any CPU.Build.0 = Debug|Any CPU
		{FFF84ADC-4E53-4DA3-93F4-12E6B3A7F1FB}.Release|Any CPU.ActiveCfg = Release|Any CPU
		{FFF84ADC-4E53-4DA3-93F4-12E6B3A7F1FB}.Release|Any CPU.Build.0 = Release|Any CPU
	EndGlobalSection
	GlobalSection(SolutionProperties) = preSolution
		HideSolutionNode = FALSE
	EndGlobalSection
EndGlobal
